
Microsoft Visual Studio Solution File, Format Version 12.00
# Visual Studio 15
VisualStudioVersion = 15.0.28307.421
MinimumVisualStudioVersion = 10.0.40219.1
Project("{FAE04EC0-301F-11D3-BF4B-00C04F79EFBC}") = "CmdParser", "CmdParser\CmdParser.csproj", "{A1F82ADE-F8AE-490E-84C4-E8D4C414C872}"
EndProject
Global
	GlobalSection(SolutionConfigurationPlatforms) = preSolution
		Debug|Any CPU = Debug|Any CPU
		Release|Any CPU = Release|Any CPU
	EndGlobalSection
	GlobalSection(ProjectConfigurationPlatforms) = postSolution
		{A1F82ADE-F8AE-490E-84C4-E8D4C414C872}.Debug|Any CPU.ActiveCfg = Debug|Any CPU
		{A1F82ADE-F8AE-490E-84C4-E8D4C414C872}.Debug|Any CPU.Build.0 = Debug|Any CPU
		{A1F82ADE-F8AE-490E-84C4-E8D4C414C872}.Release|Any CPU.ActiveCfg = Release|Any CPU
		{A1F82ADE-F8AE-490E-84C4-E8D4C414C872}.Release|Any CPU.Build.0 = Release|Any CPU
	EndGlobalSection
	GlobalSection(SolutionProperties) = preSolution
		HideSolutionNode = FALSE
	EndGlobalSection
	GlobalSection(ExtensibilityGlobals) = postSolution
		SolutionGuid = {9F14E919-AEFA-4CF0-B0E4-252D1579A222}
	EndGlobalSection
EndGlobal
